
Microsoft Visual Studio Solution File, Format Version 12.00
# Visual Studio Version 17
VisualStudioVersion = 17.0.32014.148
MinimumVisualStudioVersion = 10.0.40219.1
Project("{8BC9CEB8-8B4A-11D0-8D11-00A0C91BC942}") = "01 ToUpper", "01 ToUpper\01 ToUpper.vcxproj", "{4464987F-6D41-446B-A67E-1E10ACCD5051}"
EndProject
Project("{8BC9CEB8-8B4A-11D0-8D11-00A0C91BC942}") = "02 ToInt", "02 ToInt\02 ToInt.vcxproj", "{C171F77D-7F05-448C-A323-3D582BEEB4FE}"
EndProject
Project("{8BC9CEB8-8B4A-11D0-8D11-00A0C91BC942}") = "03 CharChange", "03 CharChange\03 CharChange.vcxproj", "{93A41787-F816-4C85-874C-88067E80C7C9}"
EndProject
Project("{8BC9CEB8-8B4A-11D0-8D11-00A0C91BC942}") = "04 Reverse", "04 Reverse\04 Reverse.vcxproj", "{9BF5ED50-C83C-44AC-AB84-F450AEDFE363}"
EndProject
Project("{8BC9CEB8-8B4A-11D0-8D11-00A0C91BC942}") = "05 Cut", "05 Cut\05 Cut.vcxproj", "{8E145BC0-72CD-4E6F-ABC3-FA7708E01C84}"
EndProject
Project("{2150E333-8FDC-42A3-9474-1A3956D46DE8}") = "220114", "220114", "{EF9F9CEE-655E-4EB3-9A76-BFFD3392A07D}"
EndProject
Project("{2150E333-8FDC-42A3-9474-1A3956D46DE8}") = "220117", "220117", "{AB12D426-7B74-4E82-A983-34E7B682440D}"
EndProject
Project("{8BC9CEB8-8B4A-11D0-8D11-00A0C91BC942}") = "00 CountFirst", "00 CountFirst\00 CountFirst.vcxproj", "{0FF5CDD3-56F5-41BD-9E55-C63E1125DDD4}"
EndProject
Project("{8BC9CEB8-8B4A-11D0-8D11-00A0C91BC942}") = "01 CountLast", "01 CountLast\01 CountLast.vcxproj", "{414B5051-F5A9-4F84-BBD8-235DE838EC3A}"
EndProject
Project("{2150E333-8FDC-42A3-9474-1A3956D46DE8}") = "220120", "220120", "{466426E1-96D9-45E6-96DD-CCD4626A5F18}"
EndProject
Project("{8BC9CEB8-8B4A-11D0-8D11-00A0C91BC942}") = "00 sizeof()", "00 sizeof()\00 sizeof().vcxproj", "{582B16C3-2E51-443B-A820-BB80529BB8FB}"
EndProject
Project("{2150E333-8FDC-42A3-9474-1A3956D46DE8}") = "220126", "220126", "{8303003B-4A28-438F-9AE5-7442495AD7B2}"
EndProject
Project("{8BC9CEB8-8B4A-11D0-8D11-00A0C91BC942}") = "00 operator++", "operator++\operator++.vcxproj", "{B887F3CE-B65F-41B3-AFD9-62084E568D25}"
EndProject
Project("{2150E333-8FDC-42A3-9474-1A3956D46DE8}") = "220207", "220207", "{06B3B633-8B24-46F1-A8D0-FC39EBA12488}"
EndProject
Project("{8BC9CEB8-8B4A-11D0-8D11-00A0C91BC942}") = "00 ConsoleScreen", "00 ConsoleScreen\00 ConsoleScreen.vcxproj", "{E590D9BD-4F50-4B34-819B-DE356FF7D2BA}"
EndProject
Project("{2150E333-8FDC-42A3-9474-1A3956D46DE8}") = "220209", "220209", "{0BD6310F-510D-4797-934C-8682EA848ED6}"
EndProject
Project("{8BC9CEB8-8B4A-11D0-8D11-00A0C91BC942}") = "01 ConsoleScreen", "01 ConsoleScreen\01 ConsoleScreen.vcxproj", "{77AA8E3E-57F6-4C0E-B849-5F43F9FC86F5}"
EndProject
Project("{2150E333-8FDC-42A3-9474-1A3956D46DE8}") = "220210", "220210", "{DEF4BBBB-1EE7-4B47-9DA6-67C1E62592FB}"
EndProject
Project("{8BC9CEB8-8B4A-11D0-8D11-00A0C91BC942}") = "02ConsoleScreen", "02ConsoleScreen\02ConsoleScreen.vcxproj", "{9F82DD98-F3D6-4BA3-BF0A-5DDA9EC83D30}"
EndProject
Project("{2150E333-8FDC-42A3-9474-1A3956D46DE8}") = "220215", "220215", "{AF485C09-0212-485A-8859-14E6213C8B5A}"
EndProject
Project("{8BC9CEB8-8B4A-11D0-8D11-00A0C91BC942}") = "GameArray", "GameArray\GameArray.vcxproj", "{A07D588B-1DD1-4CD8-9FA8-1B448A0CB254}"
EndProject
Project("{2150E333-8FDC-42A3-9474-1A3956D46DE8}") = "220221", "220221", "{1678E1A7-30FD-443C-8E03-9A3C46484475}"
EndProject
Project("{8BC9CEB8-8B4A-11D0-8D11-00A0C91BC942}") = "Snake", "Snake\Snake.vcxproj", "{F7EF69B0-3509-4F76-81DD-2B50A4CB17BE}"
EndProject
Project("{2150E333-8FDC-42A3-9474-1A3956D46DE8}") = "220222", "220222", "{104E5268-9FD5-4816-9D75-4BD34CDB488C}"
EndProject
Project("{8BC9CEB8-8B4A-11D0-8D11-00A0C91BC942}") = "GameVectorSort", "GameVectorSort\GameVectorSort.vcxproj", "{80211AD1-9034-4AB9-AD8B-DC979B09E94C}"
EndProject
Project("{2150E333-8FDC-42A3-9474-1A3956D46DE8}") = "220224", "220224", "{BBCA8F61-3E49-4E21-B22A-796AED1897BC}"
EndProject
Project("{8BC9CEB8-8B4A-11D0-8D11-00A0C91BC942}") = "GamaMap", "GamaMap\GamaMap.vcxproj", "{8815E43D-E2AC-48AA-BA43-EA7049FFDBD4}"
EndProject
Global
	GlobalSection(SolutionConfigurationPlatforms) = preSolution
		Debug|x64 = Debug|x64
		Debug|x86 = Debug|x86
		Release|x64 = Release|x64
		Release|x86 = Release|x86
	EndGlobalSection
	GlobalSection(ProjectConfigurationPlatforms) = postSolution
		{4464987F-6D41-446B-A67E-1E10ACCD5051}.Debug|x64.ActiveCfg = Debug|x64
		{4464987F-6D41-446B-A67E-1E10ACCD5051}.Debug|x64.Build.0 = Debug|x64
		{4464987F-6D41-446B-A67E-1E10ACCD5051}.Debug|x86.ActiveCfg = Debug|Win32
		{4464987F-6D41-446B-A67E-1E10ACCD5051}.Debug|x86.Build.0 = Debug|Win32
		{4464987F-6D41-446B-A67E-1E10ACCD5051}.Release|x64.ActiveCfg = Release|x64
		{4464987F-6D41-446B-A67E-1E10ACCD5051}.Release|x64.Build.0 = Release|x64
		{4464987F-6D41-446B-A67E-1E10ACCD5051}.Release|x86.ActiveCfg = Release|Win32
		{4464987F-6D41-446B-A67E-1E10ACCD5051}.Release|x86.Build.0 = Release|Win32
		{C171F77D-7F05-448C-A323-3D582BEEB4FE}.Debug|x64.ActiveCfg = Debug|x64
		{C171F77D-7F05-448C-A323-3D582BEEB4FE}.Debug|x64.Build.0 = Debug|x64
		{C171F77D-7F05-448C-A323-3D582BEEB4FE}.Debug|x86.ActiveCfg = Debug|Win32
		{C171F77D-7F05-448C-A323-3D582BEEB4FE}.Debug|x86.Build.0 = Debug|Win32
		{C171F77D-7F05-448C-A323-3D582BEEB4FE}.Release|x64.ActiveCfg = Release|x64
		{C171F77D-7F05-448C-A323-3D582BEEB4FE}.Release|x64.Build.0 = Release|x64
		{C171F77D-7F05-448C-A323-3D582BEEB4FE}.Release|x86.ActiveCfg = Release|Win32
		{C171F77D-7F05-448C-A323-3D582BEEB4FE}.Release|x86.Build.0 = Release|Win32
		{93A41787-F816-4C85-874C-88067E80C7C9}.Debug|x64.ActiveCfg = Debug|x64
		{93A41787-F816-4C85-874C-88067E80C7C9}.Debug|x64.Build.0 = Debug|x64
		{93A41787-F816-4C85-874C-88067E80C7C9}.Debug|x86.ActiveCfg = Debug|Win32
		{93A41787-F816-4C85-874C-88067E80C7C9}.Debug|x86.Build.0 = Debug|Win32
		{93A41787-F816-4C85-874C-88067E80C7C9}.Release|x64.ActiveCfg = Release|x64
		{93A41787-F816-4C85-874C-88067E80C7C9}.Release|x64.Build.0 = Release|x64
		{93A41787-F816-4C85-874C-88067E80C7C9}.Release|x86.ActiveCfg = Release|Win32
		{93A41787-F816-4C85-874C-88067E80C7C9}.Release|x86.Build.0 = Release|Win32
		{9BF5ED50-C83C-44AC-AB84-F450AEDFE363}.Debug|x64.ActiveCfg = Debug|x64
		{9BF5ED50-C83C-44AC-AB84-F450AEDFE363}.Debug|x64.Build.0 = Debug|x64
		{9BF5ED50-C83C-44AC-AB84-F450AEDFE363}.Debug|x86.ActiveCfg = Debug|Win32
		{9BF5ED50-C83C-44AC-AB84-F450AEDFE363}.Debug|x86.Build.0 = Debug|Win32
		{9BF5ED50-C83C-44AC-AB84-F450AEDFE363}.Release|x64.ActiveCfg = Release|x64
		{9BF5ED50-C83C-44AC-AB84-F450AEDFE363}.Release|x64.Build.0 = Release|x64
		{9BF5ED50-C83C-44AC-AB84-F450AEDFE363}.Release|x86.ActiveCfg = Release|Win32
		{9BF5ED50-C83C-44AC-AB84-F450AEDFE363}.Release|x86.Build.0 = Release|Win32
		{8E145BC0-72CD-4E6F-ABC3-FA7708E01C84}.Debug|x64.ActiveCfg = Debug|x64
		{8E145BC0-72CD-4E6F-ABC3-FA7708E01C84}.Debug|x64.Build.0 = Debug|x64
		{8E145BC0-72CD-4E6F-ABC3-FA7708E01C84}.Debug|x86.ActiveCfg = Debug|Win32
		{8E145BC0-72CD-4E6F-ABC3-FA7708E01C84}.Debug|x86.Build.0 = Debug|Win32
		{8E145BC0-72CD-4E6F-ABC3-FA7708E01C84}.Release|x64.ActiveCfg = Release|x64
		{8E145BC0-72CD-4E6F-ABC3-FA7708E01C84}.Release|x64.Build.0 = Release|x64
		{8E145BC0-72CD-4E6F-ABC3-FA7708E01C84}.Release|x86.ActiveCfg = Release|Win32
		{8E145BC0-72CD-4E6F-ABC3-FA7708E01C84}.Release|x86.Build.0 = Release|Win32
		{0FF5CDD3-56F5-41BD-9E55-C63E1125DDD4}.Debug|x64.ActiveCfg = Debug|x64
		{0FF5CDD3-56F5-41BD-9E55-C63E1125DDD4}.Debug|x64.Build.0 = Debug|x64
		{0FF5CDD3-56F5-41BD-9E55-C63E1125DDD4}.Debug|x86.ActiveCfg = Debug|Win32
		{0FF5CDD3-56F5-41BD-9E55-C63E1125DDD4}.Debug|x86.Build.0 = Debug|Win32
		{0FF5CDD3-56F5-41BD-9E55-C63E1125DDD4}.Release|x64.ActiveCfg = Release|x64
		{0FF5CDD3-56F5-41BD-9E55-C63E1125DDD4}.Release|x64.Build.0 = Release|x64
		{0FF5CDD3-56F5-41BD-9E55-C63E1125DDD4}.Release|x86.ActiveCfg = Release|Win32
		{0FF5CDD3-56F5-41BD-9E55-C63E1125DDD4}.Release|x86.Build.0 = Release|Win32
		{414B5051-F5A9-4F84-BBD8-235DE838EC3A}.Debug|x64.ActiveCfg = Debug|x64
		{414B5051-F5A9-4F84-BBD8-235DE838EC3A}.Debug|x64.Build.0 = Debug|x64
		{414B5051-F5A9-4F84-BBD8-235DE838EC3A}.Debug|x86.ActiveCfg = Debug|Win32
		{414B5051-F5A9-4F84-BBD8-235DE838EC3A}.Debug|x86.Build.0 = Debug|Win32
		{414B5051-F5A9-4F84-BBD8-235DE838EC3A}.Release|x64.ActiveCfg = Release|x64
		{414B5051-F5A9-4F84-BBD8-235DE838EC3A}.Release|x64.Build.0 = Release|x64
		{414B5051-F5A9-4F84-BBD8-235DE838EC3A}.Release|x86.ActiveCfg = Release|Win32
		{414B5051-F5A9-4F84-BBD8-235DE838EC3A}.Release|x86.Build.0 = Release|Win32
		{582B16C3-2E51-443B-A820-BB80529BB8FB}.Debug|x64.ActiveCfg = Debug|x64
		{582B16C3-2E51-443B-A820-BB80529BB8FB}.Debug|x64.Build.0 = Debug|x64
		{582B16C3-2E51-443B-A820-BB80529BB8FB}.Debug|x86.ActiveCfg = Debug|Win32
		{582B16C3-2E51-443B-A820-BB80529BB8FB}.Debug|x86.Build.0 = Debug|Win32
		{582B16C3-2E51-443B-A820-BB80529BB8FB}.Release|x64.ActiveCfg = Release|x64
		{582B16C3-2E51-443B-A820-BB80529BB8FB}.Release|x64.Build.0 = Release|x64
		{582B16C3-2E51-443B-A820-BB80529BB8FB}.Release|x86.ActiveCfg = Release|Win32
		{582B16C3-2E51-443B-A820-BB80529BB8FB}.Release|x86.Build.0 = Release|Win32
		{B887F3CE-B65F-41B3-AFD9-62084E568D25}.Debug|x64.ActiveCfg = Debug|x64
		{B887F3CE-B65F-41B3-AFD9-62084E568D25}.Debug|x64.Build.0 = Debug|x64
		{B887F3CE-B65F-41B3-AFD9-62084E568D25}.Debug|x86.ActiveCfg = Debug|Win32
		{B887F3CE-B65F-41B3-AFD9-62084E568D25}.Debug|x86.Build.0 = Debug|Win32
		{B887F3CE-B65F-41B3-AFD9-62084E568D25}.Release|x64.ActiveCfg = Release|x64
		{B887F3CE-B65F-41B3-AFD9-62084E568D25}.Release|x64.Build.0 = Release|x64
		{B887F3CE-B65F-41B3-AFD9-62084E568D25}.Release|x86.ActiveCfg = Release|Win32
		{B887F3CE-B65F-41B3-AFD9-62084E568D25}.Release|x86.Build.0 = Release|Win32
		{E590D9BD-4F50-4B34-819B-DE356FF7D2BA}.Debug|x64.ActiveCfg = Debug|x64
		{E590D9BD-4F50-4B34-819B-DE356FF7D2BA}.Debug|x64.Build.0 = Debug|x64
		{E590D9BD-4F50-4B34-819B-DE356FF7D2BA}.Debug|x86.ActiveCfg = Debug|Win32
		{E590D9BD-4F50-4B34-819B-DE356FF7D2BA}.Debug|x86.Build.0 = Debug|Win32
		{E590D9BD-4F50-4B34-819B-DE356FF7D2BA}.Release|x64.ActiveCfg = Release|x64
		{E590D9BD-4F50-4B34-819B-DE356FF7D2BA}.Release|x64.Build.0 = Release|x64
		{E590D9BD-4F50-4B34-819B-DE356FF7D2BA}.Release|x86.ActiveCfg = Release|Win32
		{E590D9BD-4F50-4B34-819B-DE356FF7D2BA}.Release|x86.Build.0 = Release|Win32
		{77AA8E3E-57F6-4C0E-B849-5F43F9FC86F5}.Debug|x64.ActiveCfg = Debug|x64
		{77AA8E3E-57F6-4C0E-B849-5F43F9FC86F5}.Debug|x64.Build.0 = Debug|x64
		{77AA8E3E-57F6-4C0E-B849-5F43F9FC86F5}.Debug|x86.ActiveCfg = Debug|Win32
		{77AA8E3E-57F6-4C0E-B849-5F43F9FC86F5}.Debug|x86.Build.0 = Debug|Win32
		{77AA8E3E-57F6-4C0E-B849-5F43F9FC86F5}.Release|x64.ActiveCfg = Release|x64
		{77AA8E3E-57F6-4C0E-B849-5F43F9FC86F5}.Release|x64.Build.0 = Release|x64
		{77AA8E3E-57F6-4C0E-B849-5F43F9FC86F5}.Release|x86.ActiveCfg = Release|Win32
		{77AA8E3E-57F6-4C0E-B849-5F43F9FC86F5}.Release|x86.Build.0 = Release|Win32
		{9F82DD98-F3D6-4BA3-BF0A-5DDA9EC83D30}.Debug|x64.ActiveCfg = Debug|x64
		{9F82DD98-F3D6-4BA3-BF0A-5DDA9EC83D30}.Debug|x64.Build.0 = Debug|x64
		{9F82DD98-F3D6-4BA3-BF0A-5DDA9EC83D30}.Debug|x86.ActiveCfg = Debug|Win32
		{9F82DD98-F3D6-4BA3-BF0A-5DDA9EC83D30}.Debug|x86.Build.0 = Debug|Win32
		{9F82DD98-F3D6-4BA3-BF0A-5DDA9EC83D30}.Release|x64.ActiveCfg = Release|x64
		{9F82DD98-F3D6-4BA3-BF0A-5DDA9EC83D30}.Release|x64.Build.0 = Release|x64
		{9F82DD98-F3D6-4BA3-BF0A-5DDA9EC83D30}.Release|x86.ActiveCfg = Release|Win32
		{9F82DD98-F3D6-4BA3-BF0A-5DDA9EC83D30}.Release|x86.Build.0 = Release|Win32
		{A07D588B-1DD1-4CD8-9FA8-1B448A0CB254}.Debug|x64.ActiveCfg = Debug|x64
		{A07D588B-1DD1-4CD8-9FA8-1B448A0CB254}.Debug|x64.Build.0 = Debug|x64
		{A07D588B-1DD1-4CD8-9FA8-1B448A0CB254}.Debug|x86.ActiveCfg = Debug|Win32
		{A07D588B-1DD1-4CD8-9FA8-1B448A0CB254}.Debug|x86.Build.0 = Debug|Win32
		{A07D588B-1DD1-4CD8-9FA8-1B448A0CB254}.Release|x64.ActiveCfg = Release|x64
		{A07D588B-1DD1-4CD8-9FA8-1B448A0CB254}.Release|x64.Build.0 = Release|x64
		{A07D588B-1DD1-4CD8-9FA8-1B448A0CB254}.Release|x86.ActiveCfg = Release|Win32
		{A07D588B-1DD1-4CD8-9FA8-1B448A0CB254}.Release|x86.Build.0 = Release|Win32
		{F7EF69B0-3509-4F76-81DD-2B50A4CB17BE}.Debug|x64.ActiveCfg = Debug|x64
		{F7EF69B0-3509-4F76-81DD-2B50A4CB17BE}.Debug|x64.Build.0 = Debug|x64
		{F7EF69B0-3509-4F76-81DD-2B50A4CB17BE}.Debug|x86.ActiveCfg = Debug|Win32
		{F7EF69B0-3509-4F76-81DD-2B50A4CB17BE}.Debug|x86.Build.0 = Debug|Win32
		{F7EF69B0-3509-4F76-81DD-2B50A4CB17BE}.Release|x64.ActiveCfg = Release|x64
		{F7EF69B0-3509-4F76-81DD-2B50A4CB17BE}.Release|x64.Build.0 = Release|x64
		{F7EF69B0-3509-4F76-81DD-2B50A4CB17BE}.Release|x86.ActiveCfg = Release|Win32
		{F7EF69B0-3509-4F76-81DD-2B50A4CB17BE}.Release|x86.Build.0 = Release|Win32
		{80211AD1-9034-4AB9-AD8B-DC979B09E94C}.Debug|x64.ActiveCfg = Debug|x64
		{80211AD1-9034-4AB9-AD8B-DC979B09E94C}.Debug|x64.Build.0 = Debug|x64
		{80211AD1-9034-4AB9-AD8B-DC979B09E94C}.Debug|x86.ActiveCfg = Debug|Win32
		{80211AD1-9034-4AB9-AD8B-DC979B09E94C}.Debug|x86.Build.0 = Debug|Win32
		{80211AD1-9034-4AB9-AD8B-DC979B09E94C}.Release|x64.ActiveCfg = Release|x64
		{80211AD1-9034-4AB9-AD8B-DC979B09E94C}.Release|x64.Build.0 = Release|x64
		{80211AD1-9034-4AB9-AD8B-DC979B09E94C}.Release|x86.ActiveCfg = Release|Win32
		{80211AD1-9034-4AB9-AD8B-DC979B09E94C}.Release|x86.Build.0 = Release|Win32
		{8815E43D-E2AC-48AA-BA43-EA7049FFDBD4}.Debug|x64.ActiveCfg = Debug|x64
		{8815E43D-E2AC-48AA-BA43-EA7049FFDBD4}.Debug|x64.Build.0 = Debug|x64
		{8815E43D-E2AC-48AA-BA43-EA7049FFDBD4}.Debug|x86.ActiveCfg = Debug|Win32
		{8815E43D-E2AC-48AA-BA43-EA7049FFDBD4}.Debug|x86.Build.0 = Debug|Win32
		{8815E43D-E2AC-48AA-BA43-EA7049FFDBD4}.Release|x64.ActiveCfg = Release|x64
		{8815E43D-E2AC-48AA-BA43-EA7049FFDBD4}.Release|x64.Build.0 = Release|x64
		{8815E43D-E2AC-48AA-BA43-EA7049FFDBD4}.Release|x86.ActiveCfg = Release|Win32
		{8815E43D-E2AC-48AA-BA43-EA7049FFDBD4}.Release|x86.Build.0 = Release|Win32
	EndGlobalSection
	GlobalSection(SolutionProperties) = preSolution
		HideSolutionNode = FALSE
	EndGlobalSection
	GlobalSection(NestedProjects) = preSolution
		{4464987F-6D41-446B-A67E-1E10ACCD5051} = {EF9F9CEE-655E-4EB3-9A76-BFFD3392A07D}
		{C171F77D-7F05-448C-A323-3D582BEEB4FE} = {EF9F9CEE-655E-4EB3-9A76-BFFD3392A07D}
		{93A41787-F816-4C85-874C-88067E80C7C9} = {EF9F9CEE-655E-4EB3-9A76-BFFD3392A07D}
		{9BF5ED50-C83C-44AC-AB84-F450AEDFE363} = {EF9F9CEE-655E-4EB3-9A76-BFFD3392A07D}
		{8E145BC0-72CD-4E6F-ABC3-FA7708E01C84} = {EF9F9CEE-655E-4EB3-9A76-BFFD3392A07D}
		{0FF5CDD3-56F5-41BD-9E55-C63E1125DDD4} = {AB12D426-7B74-4E82-A983-34E7B682440D}
		{414B5051-F5A9-4F84-BBD8-235DE838EC3A} = {AB12D426-7B74-4E82-A983-34E7B682440D}
		{582B16C3-2E51-443B-A820-BB80529BB8FB} = {466426E1-96D9-45E6-96DD-CCD4626A5F18}
		{B887F3CE-B65F-41B3-AFD9-62084E568D25} = {8303003B-4A28-438F-9AE5-7442495AD7B2}
		{E590D9BD-4F50-4B34-819B-DE356FF7D2BA} = {06B3B633-8B24-46F1-A8D0-FC39EBA12488}
		{77AA8E3E-57F6-4C0E-B849-5F43F9FC86F5} = {0BD6310F-510D-4797-934C-8682EA848ED6}
		{9F82DD98-F3D6-4BA3-BF0A-5DDA9EC83D30} = {DEF4BBBB-1EE7-4B47-9DA6-67C1E62592FB}
		{A07D588B-1DD1-4CD8-9FA8-1B448A0CB254} = {AF485C09-0212-485A-8859-14E6213C8B5A}
		{F7EF69B0-3509-4F76-81DD-2B50A4CB17BE} = {1678E1A7-30FD-443C-8E03-9A3C46484475}
		{80211AD1-9034-4AB9-AD8B-DC979B09E94C} = {104E5268-9FD5-4816-9D75-4BD34CDB488C}
		{8815E43D-E2AC-48AA-BA43-EA7049FFDBD4} = {BBCA8F61-3E49-4E21-B22A-796AED1897BC}
	EndGlobalSection
	GlobalSection(ExtensibilityGlobals) = postSolution
		SolutionGuid = {FFFCDF5D-377C-45D9-8E83-6462D9483E82}
	EndGlobalSection
EndGlobal
