<?xml version="1.0" encoding="utf-8"?>
<Project ToolsVersion="4.0" xmlns="http://schemas.microsoft.com/developer/msbuild/2003">
  <ItemGroup>
    <Filter Include="Contents">
      <UniqueIdentifier>{68a78ce3-0dac-4f47-b906-00e1a1e7837c}</UniqueIdentifier>
    </Filter>
    <Filter Include="Engine">
      <UniqueIdentifier>{98cb82ab-1f5c-46bf-a71f-83c7c2900295}</UniqueIdentifier>
    </Filter>
  </ItemGroup>
  <ItemGroup>
    <ClCompile Include="ConsoleGlobalinst.cpp">
      <Filter>Contents</Filter>
    </ClCompile>
    <ClCompile Include="Monster.cpp">
      <Filter>Contents</Filter>
    </ClCompile>
    <ClCompile Include="Player.cpp">
      <Filter>Contents</Filter>
    </ClCompile>
    <ClCompile Include="02ConsoleScreen.cpp" />
    <ClCompile Include="ConsoleMath.cpp">
      <Filter>Engine</Filter>
    </ClCompile>
    <ClCompile Include="ConsoleObject.cpp">
      <Filter>Engine</Filter>
    </ClCompile>
    <ClCompile Include="TextScreen.cpp">
      <Filter>Engine</Filter>
    </ClCompile>
  </ItemGroup>
  <ItemGroup>
    <ClInclude Include="ConsoleGlobalinst.h">
      <Filter>Contents</Filter>
    </ClInclude>
    <ClInclude Include="Monster.h">
      <Filter>Contents</Filter>
    </ClInclude>
    <ClInclude Include="Player.h">
      <Filter>Contents</Filter>
    </ClInclude>
    <ClInclude Include="ConsoleMath.h">
      <Filter>Engine</Filter>
    </ClInclude>
    <ClInclude Include="ConsoleObject.h">
      <Filter>Engine</Filter>
    </ClInclude>
    <ClInclude Include="TextScreen.h">
      <Filter>Engine</Filter>
    </ClInclude>
  </ItemGroup>
</Project>